
Microsoft Visual Studio Solution File, Format Version 12.00
# Visual Studio Version 17
VisualStudioVersion = 17.7.34024.191
MinimumVisualStudioVersion = 10.0.40219.1
Project("{9A19103F-16F7-4668-BE54-9A1E7A4F7556}") = "TP CAI", "TP CAI\TP CAI.csproj", "{1D770721-F08B-4967-AB67-3C86B283EF4D}"
EndProject
Global
	GlobalSection(SolutionConfigurationPlatforms) = preSolution
		Debug|Any CPU = Debug|Any CPU
		Release|Any CPU = Release|Any CPU
	EndGlobalSection
	GlobalSection(ProjectConfigurationPlatforms) = postSolution
		{1D770721-F08B-4967-AB67-3C86B283EF4D}.Debug|Any CPU.ActiveCfg = Debug|Any CPU
		{1D770721-F08B-4967-AB67-3C86B283EF4D}.Debug|Any CPU.Build.0 = Debug|Any CPU
		{1D770721-F08B-4967-AB67-3C86B283EF4D}.Release|Any CPU.ActiveCfg = Release|Any CPU
		{1D770721-F08B-4967-AB67-3C86B283EF4D}.Release|Any CPU.Build.0 = Release|Any CPU
	EndGlobalSection
	GlobalSection(SolutionProperties) = preSolution
		HideSolutionNode = FALSE
	EndGlobalSection
	GlobalSection(ExtensibilityGlobals) = postSolution
		SolutionGuid = {A49555A6-7B6D-4E36-96F2-71B08FF4F2F4}
	EndGlobalSection
EndGlobal
